{
  "name": "typoon-spike-shared",
  "version": "1.0.0",
  "lockfileVersion": 3,
  "requires": true,
  "packages": {
    "": {
      "name": "typoon-spike-shared",
      "version": "1.0.0",
      "dependencies": {
        "@jsquash/jpeg": "^1.5.0",
        "@jsquash/png": "^3.1.0",
        "@jsquash/resize": "^2.1.0",
        "@nghyane/bunle": "file:/Users/nghiahoang/Dev/bunle/bunle/sdk/nghyane-bunle-0.2.1.tgz",
        "fflate": "^0.8.2"
      }
    },
    "node_modules/@jsquash/jpeg": {
      "version": "1.6.0",
      "resolved": "https://registry.npmjs.org/@jsquash/jpeg/-/jpeg-1.6.0.tgz",
      "integrity": "sha512-zwN46Awh1VM6gXlIcALwb5WzqK5H2e6+Awcs1QP8AvS8ohsK/sbE4esvmH4jhlhW7+CgiUUww66vg0aTnlSIMA==",
      "license": "Apache-2.0"
    },
    "node_modules/@jsquash/png": {
      "version": "3.1.1",
      "resolved": "https://registry.npmjs.org/@jsquash/png/-/png-3.1.1.tgz",
      "integrity": "sha512-C10pc+0H6j0h8fENOfnGOvkXCmvpSQTDGlfGd0sHphZhPSGTyLjIrHba0FaZZdsKqA/wlmhYicUHb92vfZphaw==",
      "license": "Apache-2.0"
    },
    "node_modules/@jsquash/resize": {
      "version": "2.1.1",
      "resolved": "https://registry.npmjs.org/@jsquash/resize/-/resize-2.1.1.tgz",
      "integrity": "sha512-0R5UL1ZLHUT+carjVikcE1QfA+kfNQ2YamYyGVRmhfh4zttU5EY3bQBGxPIPtY2xIAw1P4Kgyxm2xrceRw1r2w==",
      "license": "Apache-2.0"
    },
    "node_modules/@nghyane/bunle": {
      "version": "0.2.1",
      "resolved": "file:../../../../bunle/bunle/sdk/nghyane-bunle-0.2.1.tgz",
      "integrity": "sha512-PhTDKhr/sGjOK7PZqcqynObMe7RuGS9eaDiLQdhxhLbRv+zgUkAUZCEdZUvqswNqof5G2evgGyakoHYLeWMTNg==",
      "license": "MIT"
    },
    "node_modules/fflate": {
      "version": "0.8.3",
      "resolved": "https://registry.npmjs.org/fflate/-/fflate-0.8.3.tgz",
      "integrity": "sha512-tbZNuJrLwGUp3zshBtdy4W+ORxZuIh8a5ilyIEQDC5rY1f3U20JMry0Ll3WBzU58EZKsEuJFXhb5gwv8CsPvgA==",
      "license": "MIT"
    }
  }
}
